
Microsoft Visual Studio Solution File, Format Version 12.00
# Visual Studio Version 17
VisualStudioVersion = 17.4.32916.344
MinimumVisualStudioVersion = 10.0.40219.1
Project("{FAE04EC0-301F-11D3-BF4B-00C04F79EFBC}") = "epj.ProgressBar.Maui", "epj.ProgressBar.Maui.csproj", "{C2E77E91-8FD5-48F5-B04C-FF307220B38A}"
EndProject
Global
	GlobalSection(SolutionConfigurationPlatforms) = preSolution
		Debug|Any CPU = Debug|Any CPU
		Release|Any CPU = Release|Any CPU
	EndGlobalSection
	GlobalSection(ProjectConfigurationPlatforms) = postSolution
		{C2E77E91-8FD5-48F5-B04C-FF307220B38A}.Debug|Any CPU.ActiveCfg = Debug|Any CPU
		{C2E77E91-8FD5-48F5-B04C-FF307220B38A}.Debug|Any CPU.Build.0 = Debug|Any CPU
		{C2E77E91-8FD5-48F5-B04C-FF307220B38A}.Release|Any CPU.ActiveCfg = Release|Any CPU
		{C2E77E91-8FD5-48F5-B04C-FF307220B38A}.Release|Any CPU.Build.0 = Release|Any CPU
	EndGlobalSection
	GlobalSection(SolutionProperties) = preSolution
		HideSolutionNode = FALSE
	EndGlobalSection
	GlobalSection(ExtensibilityGlobals) = postSolution
		SolutionGuid = {AB632167-8DE4-4F22-9E74-58C841A2ECAA}
	EndGlobalSection
EndGlobal
